<?xml version="1.0" encoding="utf-8"?>
<Project ToolsVersion="4.0" xmlns="http://schemas.microsoft.com/developer/msbuild/2003">
  <ItemGroup>
    <Filter Include="Source Files">
      <UniqueIdentifier>{4FC737F1-C7A5-4376-A066-2A32D752A2FF}</UniqueIdentifier>
      <Extensions>cpp;c;cc;cxx;def;odl;idl;hpj;bat;asm;asmx</Extensions>
    </Filter>
    <Filter Include="Header Files">
      <UniqueIdentifier>{93995380-89BD-4b04-88EB-625FBE52EBFB}</UniqueIdentifier>
      <Extensions>h;hh;hpp;hxx;hm;inl;inc;xsd</Extensions>
    </Filter>
    <Filter Include="Header Files\utils">
      <UniqueIdentifier>{39b348da-3c7f-4720-856f-c50c09eb3c69}</UniqueIdentifier>
    </Filter>
    <Filter Include="Source Files\utils">
      <UniqueIdentifier>{8b116e41-06f0-4ef5-847f-a19a606da199}</UniqueIdentifier>
    </Filter>
    <Filter Include="Header Files\gui">
      <UniqueIdentifier>{46121649-d3f7-4612-8ce1-be5f64c8d806}</UniqueIdentifier>
    </Filter>
    <Filter Include="Source Files\gui">
      <UniqueIdentifier>{1b313153-7dde-4d77-b930-25ec0d4a48e3}</UniqueIdentifier>
    </Filter>
    <Filter Include="Source Files\entities">
      <UniqueIdentifier>{b88737f5-dded-4461-abb3-0f714cfb1708}</UniqueIdentifier>
    </Filter>
    <Filter Include="Resource Files">
      <UniqueIdentifier>{67DA6AB6-F800-4c08-8B7A-83BB121AAD01}</UniqueIdentifier>
      <Extensions>rc;ico;cur;bmp;dlg;rc2;rct;bin;rgs;gif;jpg;jpeg;jpe;resx;tiff;tif;png;wav;mfcribbon-ms</Extensions>
    </Filter>
    <Filter Include="Header Files\states">
      <UniqueIdentifier>{6a0a35b0-e1b9-4e97-8b6b-b2d8b73606f5}</UniqueIdentifier>
    </Filter>
    <Filter Include="Source Files\states">
      <UniqueIdentifier>{0920ddb6-d3fc-4fd6-bbfe-5438ece473f2}</UniqueIdentifier>
    </Filter>
    <Filter Include="Source Files\entities\components">
      <UniqueIdentifier>{bd863c74-2de3-43ad-98d6-44aaa85c12db}</UniqueIdentifier>
    </Filter>
    <Filter Include="Header Files\audio">
      <UniqueIdentifier>{d0f6cdad-b202-4e38-b45f-e8f9c292ea2f}</UniqueIdentifier>
    </Filter>
    <Filter Include="Source Files\audio">
      <UniqueIdentifier>{c9a12754-b338-4dcf-9815-b122c7f5dde8}</UniqueIdentifier>
    </Filter>
    <Filter Include="Header Files\system">
      <UniqueIdentifier>{bdb64548-b035-4a11-bd34-20008aa8c232}</UniqueIdentifier>
    </Filter>
    <Filter Include="Source Files\system">
      <UniqueIdentifier>{871d604f-8317-4428-8664-f29f6282de07}</UniqueIdentifier>
    </Filter>
    <Filter Include="Header Files\entities">
      <UniqueIdentifier>{d5345ab4-e0cc-41c4-a97a-24f5979daf02}</UniqueIdentifier>
    </Filter>
    <Filter Include="Header Files\entities\components">
      <UniqueIdentifier>{8f006e74-1858-465c-8f2f-3b4c1f25a9c6}</UniqueIdentifier>
    </Filter>
    <Filter Include="Source Files\graphics">
      <UniqueIdentifier>{8b3501e0-a401-4946-a073-d03b27d97f43}</UniqueIdentifier>
    </Filter>
    <Filter Include="Header Files\graphics">
      <UniqueIdentifier>{5fcf5186-26d5-4eda-bdfb-1c8359ccbd5d}</UniqueIdentifier>
    </Filter>
  </ItemGroup>
  <ItemGroup>
    <ClCompile Include="src\main.cpp">
      <Filter>Source Files</Filter>
    </ClCompile>
    <ClCompile Include="src\Application.cpp">
      <Filter>Source Files</Filter>
    </ClCompile>
    <ClCompile Include="src\states\Game.cpp">
      <Filter>Source Files\states</Filter>
    </ClCompile>
    <ClCompile Include="src\states\GameMenu.cpp">
      <Filter>Source Files\states</Filter>
    </ClCompile>
    <ClCompile Include="src\states\GameOver.cpp">
      <Filter>Source Files\states</Filter>
    </ClCompile>
    <ClCompile Include="src\State.cpp">
      <Filter>Source Files</Filter>
    </ClCompile>
    <ClCompile Include="src\states\Settings.cpp">
      <Filter>Source Files\states</Filter>
    </ClCompile>
    <ClCompile Include="src\utils\Config.cpp">
      <Filter>Source Files\utils</Filter>
    </ClCompile>
    <ClCompile Include="src\gui\Slider.cpp">
      <Filter>Source Files\gui</Filter>
    </ClCompile>
    <ClCompile Include="src\states\Pause.cpp">
      <Filter>Source Files\states</Filter>
    </ClCompile>
    <ClCompile Include="src\gui\Button.cpp">
      <Filter>Source Files\gui</Filter>
    </ClCompile>
    <ClCompile Include="src\entities\Entity.cpp">
      <Filter>Source Files\entities</Filter>
    </ClCompile>
    <ClCompile Include="src\Assets.cpp">
      <Filter>Source Files</Filter>
    </ClCompile>
    <ClCompile Include="src\entities\EntitySystem.cpp">
      <Filter>Source Files\entities</Filter>
    </ClCompile>
    <ClCompile Include="src\entities\components\AnimationComponent.cpp">
      <Filter>Source Files\entities\components</Filter>
    </ClCompile>
    <ClCompile Include="src\entities\components\MovementComponent.cpp">
      <Filter>Source Files\entities\components</Filter>
    </ClCompile>
    <ClCompile Include="src\entities\EntityInfo.cpp">
      <Filter>Source Files\entities</Filter>
    </ClCompile>
    <ClCompile Include="src\entities\SpaceShip.cpp">
      <Filter>Source Files\entities</Filter>
    </ClCompile>
    <ClCompile Include="src\entities\components\ControlComponent.cpp">
      <Filter>Source Files\entities\components</Filter>
    </ClCompile>
    <ClCompile Include="src\entities\Bullet.cpp">
      <Filter>Source Files\entities</Filter>
    </ClCompile>
    <ClCompile Include="src\entities\components\ShootingComponent.cpp">
      <Filter>Source Files\entities\components</Filter>
    </ClCompile>
    <ClCompile Include="src\entities\Effect.cpp">
      <Filter>Source Files\entities</Filter>
    </ClCompile>
    <ClCompile Include="src\entities\components\EffectComponent.cpp">
      <Filter>Source Files\entities\components</Filter>
    </ClCompile>
    <ClCompile Include="src\audio\AudioManager.cpp">
      <Filter>Source Files\audio</Filter>
    </ClCompile>
    <ClCompile Include="src\states\GuiFactory.cpp">
      <Filter>Source Files\states</Filter>
    </ClCompile>
    <ClCompile Include="src\system\Events.cpp">
      <Filter>Source Files\system</Filter>
    </ClCompile>
    <ClCompile Include="src\system\Input.cpp">
      <Filter>Source Files\system</Filter>
    </ClCompile>
    <ClCompile Include="src\system\Window.cpp">
      <Filter>Source Files\system</Filter>
    </ClCompile>
    <ClCompile Include="src\gui\SetOrigin.cpp">
      <Filter>Source Files\gui</Filter>
    </ClCompile>
    <ClCompile Include="src\EngineInitializer.cpp">
      <Filter>Source Files</Filter>
    </ClCompile>
    <ClCompile Include="src\entities\Player.cpp">
      <Filter>Source Files\entities</Filter>
    </ClCompile>
    <ClCompile Include="src\utils\Score.cpp">
      <Filter>Source Files\utils</Filter>
    </ClCompile>
    <ClCompile Include="src\gui\ProgressBar.cpp">
      <Filter>Source Files\gui</Filter>
    </ClCompile>
    <ClCompile Include="src\graphics\Layer.cpp">
      <Filter>Source Files\graphics</Filter>
    </ClCompile>
    <ClCompile Include="src\graphics\Layers.cpp">
      <Filter>Source Files\graphics</Filter>
    </ClCompile>
    <ClCompile Include="src\utils\DebugInfo.cpp">
      <Filter>Source Files\utils</Filter>
    </ClCompile>
    <ClCompile Include="src\gui\Widget.cpp">
      <Filter>Source Files\gui</Filter>
    </ClCompile>
    <ClCompile Include="src\entities\Upgrade.cpp">
      <Filter>Source Files\entities</Filter>
    </ClCompile>
    <ClCompile Include="..\!Additional Depencies\fparser-master\fpoptimizer.cc">
      <Filter>Source Files</Filter>
    </ClCompile>
    <ClCompile Include="..\!Additional Depencies\fparser-master\fparser.cc">
      <Filter>Source Files</Filter>
    </ClCompile>
  </ItemGroup>
  <ItemGroup>
    <ClInclude Include="src\states\Game.hpp">
      <Filter>Header Files\states</Filter>
    </ClInclude>
    <ClInclude Include="src\states\GameMenu.hpp">
      <Filter>Header Files\states</Filter>
    </ClInclude>
    <ClInclude Include="src\states\GameOver.hpp">
      <Filter>Header Files\states</Filter>
    </ClInclude>
    <ClInclude Include="src\State.hpp">
      <Filter>Header Files</Filter>
    </ClInclude>
    <ClInclude Include="src\states\Settings.hpp">
      <Filter>Header Files\states</Filter>
    </ClInclude>
    <ClInclude Include="src\utils\Random.hpp">
      <Filter>Header Files\utils</Filter>
    </ClInclude>
    <ClInclude Include="src\utils\Config.hpp">
      <Filter>Header Files\utils</Filter>
    </ClInclude>
    <ClInclude Include="src\gui\Slider.hpp">
      <Filter>Header Files\gui</Filter>
    </ClInclude>
    <ClInclude Include="src\states\Pause.hpp">
      <Filter>Header Files\states</Filter>
    </ClInclude>
    <ClInclude Include="src\gui\Button.hpp">
      <Filter>Header Files\gui</Filter>
    </ClInclude>
    <ClInclude Include="src\Assets.hpp">
      <Filter>Header Files</Filter>
    </ClInclude>
    <ClInclude Include="src\utils\Log.hpp">
      <Filter>Header Files\utils</Filter>
    </ClInclude>
    <ClInclude Include="src\entities\IEntity.hpp">
      <Filter>Header Files\entities</Filter>
    </ClInclude>
    <ClInclude Include="src\entities\Entity.hpp">
      <Filter>Header Files\entities</Filter>
    </ClInclude>
    <ClInclude Include="src\entities\EntitySystem.hpp">
      <Filter>Header Files\entities</Filter>
    </ClInclude>
    <ClInclude Include="src\entities\components\IComponent.hpp">
      <Filter>Header Files\entities\components</Filter>
    </ClInclude>
    <ClInclude Include="src\entities\components\AnimationComponent.hpp">
      <Filter>Header Files\entities\components</Filter>
    </ClInclude>
    <ClInclude Include="src\entities\components\MovementComponent.hpp">
      <Filter>Header Files\entities\components</Filter>
    </ClInclude>
    <ClInclude Include="src\entities\EntityInfo.hpp">
      <Filter>Header Files\entities</Filter>
    </ClInclude>
    <ClInclude Include="src\EngineInitializer.hpp">
      <Filter>Header Files</Filter>
    </ClInclude>
    <ClInclude Include="src\entities\components\Components.hpp">
      <Filter>Header Files\entities\components</Filter>
    </ClInclude>
    <ClInclude Include="src\entities\components\ControlComponent.hpp">
      <Filter>Header Files\entities\components</Filter>
    </ClInclude>
    <ClInclude Include="src\entities\Bullet.hpp">
      <Filter>Header Files\entities</Filter>
    </ClInclude>
    <ClInclude Include="src\entities\components\ShootingComponent.hpp">
      <Filter>Header Files\entities\components</Filter>
    </ClInclude>
    <ClInclude Include="src\entities\Effect.hpp">
      <Filter>Header Files\entities</Filter>
    </ClInclude>
    <ClInclude Include="src\entities\components\EffectComponent.hpp">
      <Filter>Header Files\entities\components</Filter>
    </ClInclude>
    <ClInclude Include="src\audio\AudioManager.hpp">
      <Filter>Header Files\audio</Filter>
    </ClInclude>
    <ClInclude Include="src\states\GuiFactory.hpp">
      <Filter>Header Files\states</Filter>
    </ClInclude>
    <ClInclude Include="src\entities\SpaceShip.hpp">
      <Filter>Header Files\entities</Filter>
    </ClInclude>
    <ClInclude Include="src\system\Events.hpp">
      <Filter>Header Files\system</Filter>
    </ClInclude>
    <ClInclude Include="src\system\Input.hpp">
      <Filter>Header Files\system</Filter>
    </ClInclude>
    <ClInclude Include="src\Application.hpp">
      <Filter>Header Files</Filter>
    </ClInclude>
    <ClInclude Include="src\system\Window.hpp">
      <Filter>Header Files\system</Filter>
    </ClInclude>
    <ClInclude Include="src\states\GuiFactoryElements.hpp">
      <Filter>Header Files\states</Filter>
    </ClInclude>
    <ClInclude Include="src\gui\SetOrigin.hpp">
      <Filter>Header Files\gui</Filter>
    </ClInclude>
    <ClInclude Include="src\entities\Player.hpp">
      <Filter>Header Files\entities</Filter>
    </ClInclude>
    <ClInclude Include="src\utils\Score.hpp">
      <Filter>Header Files\utils</Filter>
    </ClInclude>
    <ClInclude Include="src\gui\ProgressBar.hpp">
      <Filter>Header Files\gui</Filter>
    </ClInclude>
    <ClInclude Include="src\graphics\Layer.hpp">
      <Filter>Header Files\graphics</Filter>
    </ClInclude>
    <ClInclude Include="src\graphics\Layers.hpp">
      <Filter>Header Files\graphics</Filter>
    </ClInclude>
    <ClInclude Include="src\utils\DebugInfo.hpp">
      <Filter>Header Files\utils</Filter>
    </ClInclude>
    <ClInclude Include="src\gui\Widget.hpp">
      <Filter>Header Files\gui</Filter>
    </ClInclude>
    <ClInclude Include="src\entities\Upgrade.hpp">
      <Filter>Header Files\entities</Filter>
    </ClInclude>
  </ItemGroup>
  <ItemGroup>
    <None Include="config.ini">
      <Filter>Resource Files</Filter>
    </None>
    <None Include="blur.frag">
      <Filter>Resource Files</Filter>
    </None>
    <None Include="resources\resources.json">
      <Filter>Resource Files</Filter>
    </None>
    <None Include="resources\entities.json">
      <Filter>Resource Files</Filter>
    </None>
  </ItemGroup>
  <ItemGroup>
    <Image Include="icon.ico">
      <Filter>Resource Files</Filter>
    </Image>
  </ItemGroup>
  <ItemGroup>
    <ResourceCompile Include="src\SpaceShooter.rc">
      <Filter>Resource Files</Filter>
    </ResourceCompile>
  </ItemGroup>
</Project>